
Microsoft Visual Studio Solution File, Format Version 12.00
# Visual Studio Version 16
VisualStudioVersion = 16.0.33328.57
MinimumVisualStudioVersion = 10.0.40219.1
Project("{FAE04EC0-301F-11D3-BF4B-00C04F79EFBC}") = "AuthorizationPage", "AuthorizationPage.csproj", "{938C7C05-DBD8-4723-A5F8-80A484FB6038}"
EndProject
Global
	GlobalSection(SolutionConfigurationPlatforms) = preSolution
		Debug|Any CPU = Debug|Any CPU
		Release|Any CPU = Release|Any CPU
	EndGlobalSection
	GlobalSection(ProjectConfigurationPlatforms) = postSolution
		{938C7C05-DBD8-4723-A5F8-80A484FB6038}.Debug|Any CPU.ActiveCfg = Debug|Any CPU
		{938C7C05-DBD8-4723-A5F8-80A484FB6038}.Debug|Any CPU.Build.0 = Debug|Any CPU
		{938C7C05-DBD8-4723-A5F8-80A484FB6038}.Release|Any CPU.ActiveCfg = Release|Any CPU
		{938C7C05-DBD8-4723-A5F8-80A484FB6038}.Release|Any CPU.Build.0 = Release|Any CPU
	EndGlobalSection
	GlobalSection(SolutionProperties) = preSolution
		HideSolutionNode = FALSE
	EndGlobalSection
	GlobalSection(ExtensibilityGlobals) = postSolution
		SolutionGuid = {29ED1AE6-B9DE-4DBC-B7E8-5BCB988D6114}
	EndGlobalSection
EndGlobal
